
Microsoft Visual Studio Solution File, Format Version 12.00
# Visual Studio Version 17
VisualStudioVersion = 17.13.35919.96 d17.13
MinimumVisualStudioVersion = 10.0.40219.1
Project("{FAE04EC0-301F-11D3-BF4B-00C04F79EFBC}") = "API8", "API8.csproj", "{0A201450-29A3-433F-9A21-0AB2F7A22E6E}"
EndProject
Global
	GlobalSection(SolutionConfigurationPlatforms) = preSolution
		Debug|Any CPU = Debug|Any CPU
		Release|Any CPU = Release|Any CPU
	EndGlobalSection
	GlobalSection(ProjectConfigurationPlatforms) = postSolution
		{0A201450-29A3-433F-9A21-0AB2F7A22E6E}.Debug|Any CPU.ActiveCfg = Debug|Any CPU
		{0A201450-29A3-433F-9A21-0AB2F7A22E6E}.Debug|Any CPU.Build.0 = Debug|Any CPU
		{0A201450-29A3-433F-9A21-0AB2F7A22E6E}.Release|Any CPU.ActiveCfg = Release|Any CPU
		{0A201450-29A3-433F-9A21-0AB2F7A22E6E}.Release|Any CPU.Build.0 = Release|Any CPU
	EndGlobalSection
	GlobalSection(SolutionProperties) = preSolution
		HideSolutionNode = FALSE
	EndGlobalSection
	GlobalSection(ExtensibilityGlobals) = postSolution
		SolutionGuid = {419A3F88-218A-443B-87A0-44F198E6D699}
	EndGlobalSection
EndGlobal
